version = 1
revision = 3
requires-python = ">=3.13"

[[package]]
name = "colorama"
version = "0.4.6"
source = { registry = "https://pypi.org/simple" }
sdist = { url = "https://files.pythonhosted.org/packages/d8/53/6f443c9a4a8358a93a6792e2acffb9d9d5cb0a5cfd8802644b7b1c9a02e4/colorama-0.4.6.tar.gz", hash = "sha256:08695f5cb7ed6e0531a20572697297273c47b8cae5a63ffc6d6ed5c201be6e44", size = 27697, upload-time = "2022-10-25T02:36:22.414Z" }
wheels = [
    { url = "https://files.pythonhosted.org/packages/d1/d6/3965ed04c63042e047cb6a3e6ed1a63a35087b6a609aa3a15ed8ac56c221/colorama-0.4.6-py2.py3-none-any.whl", hash = "sha256:4f1d9991f5acc0ca119f9d443620b77f9d6b33703e51011c16baf57afb285fc6", size = 25335, upload-time = "2022-10-25T02:36:20.889Z" },
]

[[package]]
name = "greenlet"
version = "3.2.4"
source = { registry = "https://pypi.org/simple" }
sdist = { url = "https://files.pythonhosted.org/packages/03/b8/704d753a5a45507a7aab61f18db9509302ed3d0a27ac7e0359ec2905b1a6/greenlet-3.2.4.tar.gz", hash = "sha256:0dca0d95ff849f9a364385f36ab49f50065d76964944638be9691e1832e9f86d", size = 188260, upload-time = "2025-08-07T13:24:33.51Z" }
wheels = [
    { url = "https://files.pythonhosted.org/packages/49/e8/58c7f85958bda41dafea50497cbd59738c5c43dbbea5ee83d651234398f4/greenlet-3.2.4-cp313-cp313-macosx_11_0_universal2.whl", hash = "sha256:1a921e542453fe531144e91e1feedf12e07351b1cf6c9e8a3325ea600a715a31", size = 272814, upload-time = "2025-08-07T13:15:50.011Z" },
    { url = "https://files.pythonhosted.org/packages/62/dd/b9f59862e9e257a16e4e610480cfffd29e3fae018a68c2332090b53aac3d/greenlet-3.2.4-cp313-cp313-manylinux2014_aarch64.manylinux_2_17_aarch64.whl", hash = "sha256:cd3c8e693bff0fff6ba55f140bf390fa92c994083f838fece0f63be121334945", size = 641073, upload-time = "2025-08-07T13:42:57.23Z" },
    { url = "https://files.pythonhosted.org/packages/f7/0b/bc13f787394920b23073ca3b6c4a7a21396301ed75a655bcb47196b50e6e/greenlet-3.2.4-cp313-cp313-manylinux2014_ppc64le.manylinux_2_17_ppc64le.whl", hash = "sha256:710638eb93b1fa52823aa91bf75326f9ecdfd5e0466f00789246a5280f4ba0fc", size = 655191, upload-time = "2025-08-07T13:45:29.752Z" },
    { url = "https://files.pythonhosted.org/packages/f2/d6/6adde57d1345a8d0f14d31e4ab9c23cfe8e2cd39c3baf7674b4b0338d266/greenlet-3.2.4-cp313-cp313-manylinux2014_s390x.manylinux_2_17_s390x.whl", hash = "sha256:c5111ccdc9c88f423426df3fd1811bfc40ed66264d35aa373420a34377efc98a", size = 649516, upload-time = "2025-08-07T13:53:16.314Z" },
    { url = "https://files.pythonhosted.org/packages/7f/3b/3a3328a788d4a473889a2d403199932be55b1b0060f4ddd96ee7cdfcad10/greenlet-3.2.4-cp313-cp313-manylinux2014_x86_64.manylinux_2_17_x86_64.whl", hash = "sha256:d76383238584e9711e20ebe14db6c88ddcedc1829a9ad31a584389463b5aa504", size = 652169, upload-time = "2025-08-07T13:18:32.861Z" },
    { url = "https://files.pythonhosted.org/packages/ee/43/3cecdc0349359e1a527cbf2e3e28e5f8f06d3343aaf82ca13437a9aa290f/greenlet-3.2.4-cp313-cp313-manylinux_2_24_x86_64.manylinux_2_28_x86_64.whl", hash = "sha256:23768528f2911bcd7e475210822ffb5254ed10d71f4028387e5a99b4c6699671", size = 610497, upload-time = "2025-08-07T13:18:31.636Z" },
    { url = "https://files.pythonhosted.org/packages/b8/19/06b6cf5d604e2c382a6f31cafafd6f33d5dea706f4db7bdab184bad2b21d/greenlet-3.2.4-cp313-cp313-musllinux_1_1_aarch64.whl", hash = "sha256:00fadb3fedccc447f517ee0d3fd8fe49eae949e1cd0f6a611818f4f6fb7dc83b", size = 1121662, upload-time = "2025-08-07T13:42:41.117Z" },
    { url = "https://files.pythonhosted.org/packages/a2/15/0d5e4e1a66fab130d98168fe984c509249c833c1a3c16806b90f253ce7b9/greenlet-3.2.4-cp313-cp313-musllinux_1_1_x86_64.whl", hash = "sha256:d25c5091190f2dc0eaa3f950252122edbbadbb682aa7b1ef2f8af0f8c0afefae", size = 1149210, upload-time = "2025-08-07T13:18:24.072Z" },
    { url = "https://files.pythonhosted.org/packages/1c/53/f9c440463b3057485b8594d7a638bed53ba531165ef0ca0e6c364b5cc807/greenlet-3.2.4-cp313-cp313-musllinux_1_2_aarch64.whl", hash = "sha256:6e343822feb58ac4d0a1211bd9399de2b3a04963ddeec21530fc426cc121f19b", size = 1564759, upload-time = "2025-11-04T12:42:19.395Z" },
    { url = "https://files.pythonhosted.org/packages/47/e4/3bb4240abdd0a8d23f4f88adec746a3099f0d86bfedb623f063b2e3b4df0/greenlet-3.2.4-cp313-cp313-musllinux_1_2_x86_64.whl", hash = "sha256:ca7f6f1f2649b89ce02f6f229d7c19f680a6238af656f61e0115b24857917929", size = 1634288, upload-time = "2025-11-04T12:42:21.174Z" },
    { url = "https://files.pythonhosted.org/packages/0b/55/2321e43595e6801e105fcfdee02b34c0f996eb71e6ddffca6b10b7e1d771/greenlet-3.2.4-cp313-cp313-win_amd64.whl", hash = "sha256:554b03b6e73aaabec3745364d6239e9e012d64c68ccd0b8430c64ccc14939a8b", size = 299685, upload-time = "2025-08-07T13:24:38.824Z" },
    { url = "https://files.pythonhosted.org/packages/22/5c/85273fd7cc388285632b0498dbbab97596e04b154933dfe0f3e68156c68c/greenlet-3.2.4-cp314-cp314-macosx_11_0_universal2.whl", hash = "sha256:49a30d5fda2507ae77be16479bdb62a660fa51b1eb4928b524975b3bde77b3c0", size = 273586, upload-time = "2025-08-07T13:16:08.004Z" },
    { url = "https://files.pythonhosted.org/packages/d1/75/10aeeaa3da9332c2e761e4c50d4c3556c21113ee3f0afa2cf5769946f7a3/greenlet-3.2.4-cp314-cp314-manylinux2014_aarch64.manylinux_2_17_aarch64.whl", hash = "sha256:299fd615cd8fc86267b47597123e3f43ad79c9d8a22bebdce535e53550763e2f", size = 686346, upload-time = "2025-08-07T13:42:59.944Z" },
    { url = "https://files.pythonhosted.org/packages/c0/aa/687d6b12ffb505a4447567d1f3abea23bd20e73a5bed63871178e0831b7a/greenlet-3.2.4-cp314-cp314-manylinux2014_ppc64le.manylinux_2_17_ppc64le.whl", hash = "sha256:c17b6b34111ea72fc5a4e4beec9711d2226285f0386ea83477cbb97c30a3f3a5", size = 699218, upload-time = "2025-08-07T13:45:30.969Z" },
    { url = "https://files.pythonhosted.org/packages/dc/8b/29aae55436521f1d6f8ff4e12fb676f3400de7fcf27fccd1d4d17fd8fecd/greenlet-3.2.4-cp314-cp314-manylinux2014_s390x.manylinux_2_17_s390x.whl", hash = "sha256:b4a1870c51720687af7fa3e7cda6d08d801dae660f75a76f3845b642b4da6ee1", size = 694659, upload-time = "2025-08-07T13:53:17.759Z" },
    { url = "https://files.pythonhosted.org/packages/92/2e/ea25914b1ebfde93b6fc4ff46d6864564fba59024e928bdc7de475affc25/greenlet-3.2.4-cp314-cp314-manylinux2014_x86_64.manylinux_2_17_x86_64.whl", hash = "sha256:061dc4cf2c34852b052a8620d40f36324554bc192be474b9e9770e8c042fd735", size = 695355, upload-time = "2025-08-07T13:18:34.517Z" },
    { url = "https://files.pythonhosted.org/packages/72/60/fc56c62046ec17f6b0d3060564562c64c862948c9d4bc8aa807cf5bd74f4/greenlet-3.2.4-cp314-cp314-manylinux_2_24_x86_64.manylinux_2_28_x86_64.whl", hash = "sha256:44358b9bf66c8576a9f57a590d5f5d6e72fa4228b763d0e43fee6d3b06d3a337", size = 657512, upload-time = "2025-08-07T13:18:33.969Z" },
    { url = "https://files.pythonhosted.org/packages/23/6e/74407aed965a4ab6ddd93a7ded3180b730d281c77b765788419484cdfeef/greenlet-3.2.4-cp314-cp314-musllinux_1_2_aarch64.whl", hash = "sha256:2917bdf657f5859fbf3386b12d68ede4cf1f04c90c3a6bc1f013dd68a22e2269", size = 1612508, upload-time = "2025-11-04T12:42:23.427Z" },
    { url = "https://files.pythonhosted.org/packages/0d/da/343cd760ab2f92bac1845ca07ee3faea9fe52bee65f7bcb19f16ad7de08b/greenlet-3.2.4-cp314-cp314-musllinux_1_2_x86_64.whl", hash = "sha256:015d48959d4add5d6c9f6c5210ee3803a830dce46356e3bc326d6776bde54681", size = 1680760, upload-time = "2025-11-04T12:42:25.341Z" },
    { url = "https://files.pythonhosted.org/packages/e3/a5/6ddab2b4c112be95601c13428db1d8b6608a8b6039816f2ba09c346c08fc/greenlet-3.2.4-cp314-cp314-win_amd64.whl", hash = "sha256:e37ab26028f12dbb0ff65f29a8d3d44a765c61e729647bf2ddfbbed621726f01", size = 303425, upload-time = "2025-08-07T13:32:27.59Z" },
]

[[package]]
name = "iniconfig"
version = "2.3.0"
source = { registry = "https://pypi.org/simple" }
sdist = { url = "https://files.pythonhosted.org/packages/72/34/14ca021ce8e5dfedc35312d08ba8bf51fdd999c576889fc2c24cb97f4f10/iniconfig-2.3.0.tar.gz", hash = "sha256:c76315c77db068650d49c5b56314774a7804df16fee4402c1f19d6d15d8c4730", size = 20503, upload-time = "2025-10-18T21:55:43.219Z" }
wheels = [
    { url = "https://files.pythonhosted.org/packages/cb/b1/3846dd7f199d53cb17f49cba7e651e9ce294d8497c8c150530ed11865bb8/iniconfig-2.3.0-py3-none-any.whl", hash = "sha256:f631c04d2c48c52b84d0d0549c99ff3859c98df65b3101406327ecc7d53fbf12", size = 7484, upload-time = "2025-10-18T21:55:41.639Z" },
]

[[package]]
name = "lark"
version = "1.3.1"
source = { registry = "https://pypi.org/simple" }
sdist = { url = "https://files.pythonhosted.org/packages/da/34/28fff3ab31ccff1fd4f6c7c7b0ceb2b6968d8ea4950663eadcb5720591a0/lark-1.3.1.tar.gz", hash = "sha256:b426a7a6d6d53189d318f2b6236ab5d6429eaf09259f1ca33eb716eed10d2905", size = 382732, upload-time = "2025-10-27T18:25:56.653Z" }
wheels = [
    { url = "https://files.pythonhosted.org/packages/82/3d/14ce75ef66813643812f3093ab17e46d3a206942ce7376d31ec2d36229e7/lark-1.3.1-py3-none-any.whl", hash = "sha256:c629b661023a014c37da873b4ff58a817398d12635d3bbb2c5a03be7fe5d1e12", size = 113151, upload-time = "2025-10-27T18:25:54.882Z" },
]

[[package]]
name = "packaging"
version = "25.0"
source = { registry = "https://pypi.org/simple" }
sdist = { url = "https://files.pythonhosted.org/packages/a1/d4/1fc4078c65507b51b96ca8f8c3ba19e6a61c8253c72794544580a7b6c24d/packaging-25.0.tar.gz", hash = "sha256:d443872c98d677bf60f6a1f2f8c1cb748e8fe762d2bf9d3148b5599295b0fc4f", size = 165727, upload-time = "2025-04-19T11:48:59.673Z" }
wheels = [
    { url = "https://files.pythonhosted.org/packages/20/12/38679034af332785aac8774540895e234f4d07f7545804097de4b666afd8/packaging-25.0-py3-none-any.whl", hash = "sha256:29572ef2b1f17581046b3a2227d5c611fb25ec70ca1ba8554b24b0e69331a484", size = 66469, upload-time = "2025-04-19T11:48:57.875Z" },
]

[[package]]
name = "pluggy"
version = "1.6.0"
source = { registry = "https://pypi.org/simple" }
sdist = { url = "https://files.pythonhosted.org/packages/f9/e2/3e91f31a7d2b083fe6ef3fa267035b518369d9511ffab804f839851d2779/pluggy-1.6.0.tar.gz", hash = "sha256:7dcc130b76258d33b90f61b658791dede3486c3e6bfb003ee5c9bfb396dd22f3", size = 69412, upload-time = "2025-05-15T12:30:07.975Z" }
wheels = [
    { url = "https://files.pythonhosted.org/packages/54/20/4d324d65cc6d9205fabedc306948156824eb9f0ee1633355a8f7ec5c66bf/pluggy-1.6.0-py3-none-any.whl", hash = "sha256:e920276dd6813095e9377c0bc5566d94c932c33b27a3e3945d8389c374dd4746", size = 20538, upload-time = "2025-05-15T12:30:06.134Z" },
]

[[package]]
name = "pygments"
version = "2.19.2"
source = { registry = "https://pypi.org/simple" }
sdist = { url = "https://files.pythonhosted.org/packages/b0/77/a5b8c569bf593b0140bde72ea885a803b82086995367bf2037de0159d924/pygments-2.19.2.tar.gz", hash = "sha256:636cb2477cec7f8952536970bc533bc43743542f70392ae026374600add5b887", size = 4968631, upload-time = "2025-06-21T13:39:12.283Z" }
wheels = [
    { url = "https://files.pythonhosted.org/packages/c7/21/705964c7812476f378728bdf590ca4b771ec72385c533964653c68e86bdc/pygments-2.19.2-py3-none-any.whl", hash = "sha256:86540386c03d588bb81d44bc3928634ff26449851e99741617ecb9037ee5ec0b", size = 1225217, upload-time = "2025-06-21T13:39:07.939Z" },
]

[[package]]
name = "pytest"
version = "9.0.1"
source = { registry = "https://pypi.org/simple" }
dependencies = [
    { name = "colorama", marker = "sys_platform == 'win32'" },
    { name = "iniconfig" },
    { name = "packaging" },
    { name = "pluggy" },
    { name = "pygments" },
]
sdist = { url = "https://files.pythonhosted.org/packages/07/56/f013048ac4bc4c1d9be45afd4ab209ea62822fb1598f40687e6bf45dcea4/pytest-9.0.1.tar.gz", hash = "sha256:3e9c069ea73583e255c3b21cf46b8d3c56f6e3a1a8f6da94ccb0fcf57b9d73c8", size = 1564125, upload-time = "2025-11-12T13:05:09.333Z" }
wheels = [
    { url = "https://files.pythonhosted.org/packages/0b/8b/6300fb80f858cda1c51ffa17075df5d846757081d11ab4aa35cef9e6258b/pytest-9.0.1-py3-none-any.whl", hash = "sha256:67be0030d194df2dfa7b556f2e56fb3c3315bd5c8822c6951162b92b32ce7dad", size = 373668, upload-time = "2025-11-12T13:05:07.379Z" },
]

[[package]]
name = "ruff"
version = "0.14.10"
source = { registry = "https://pypi.org/simple" }
sdist = { url = "https://files.pythonhosted.org/packages/57/08/52232a877978dd8f9cf2aeddce3e611b40a63287dfca29b6b8da791f5e8d/ruff-0.14.10.tar.gz", hash = "sha256:9a2e830f075d1a42cd28420d7809ace390832a490ed0966fe373ba288e77aaf4", size = 5859763, upload-time = "2025-12-18T19:28:57.98Z" }
wheels = [
    { url = "https://files.pythonhosted.org/packages/60/01/933704d69f3f05ee16ef11406b78881733c186fe14b6a46b05cfcaf6d3b2/ruff-0.14.10-py3-none-linux_armv6l.whl", hash = "sha256:7a3ce585f2ade3e1f29ec1b92df13e3da262178df8c8bdf876f48fa0e8316c49", size = 13527080, upload-time = "2025-12-18T19:29:25.642Z" },
    { url = "https://files.pythonhosted.org/packages/df/58/a0349197a7dfa603ffb7f5b0470391efa79ddc327c1e29c4851e85b09cc5/ruff-0.14.10-py3-none-macosx_10_12_x86_64.whl", hash = "sha256:674f9be9372907f7257c51f1d4fc902cb7cf014b9980152b802794317941f08f", size = 13797320, upload-time = "2025-12-18T19:29:02.571Z" },
    { url = "https://files.pythonhosted.org/packages/7b/82/36be59f00a6082e38c23536df4e71cdbc6af8d7c707eade97fcad5c98235/ruff-0.14.10-py3-none-macosx_11_0_arm64.whl", hash = "sha256:d85713d522348837ef9df8efca33ccb8bd6fcfc86a2cde3ccb4bc9d28a18003d", size = 12918434, upload-time = "2025-12-18T19:28:51.202Z" },
    { url = "https://files.pythonhosted.org/packages/a6/00/45c62a7f7e34da92a25804f813ebe05c88aa9e0c25e5cb5a7d23dd7450e3/ruff-0.14.10-py3-none-manylinux_2_17_aarch64.manylinux2014_aarch64.whl", hash = "sha256:6987ebe0501ae4f4308d7d24e2d0fe3d7a98430f5adfd0f1fead050a740a3a77", size = 13371961, upload-time = "2025-12-18T19:29:04.991Z" },
    { url = "https://files.pythonhosted.org/packages/40/31/a5906d60f0405f7e57045a70f2d57084a93ca7425f22e1d66904769d1628/ruff-0.14.10-py3-none-manylinux_2_17_armv7l.manylinux2014_armv7l.whl", hash = "sha256:16a01dfb7b9e4eee556fbfd5392806b1b8550c9b4a9f6acd3dbe6812b193c70a", size = 13275629, upload-time = "2025-12-18T19:29:21.381Z" },
    { url = "https://files.pythonhosted.org/packages/3e/60/61c0087df21894cf9d928dc04bcd4fb10e8b2e8dca7b1a276ba2155b2002/ruff-0.14.10-py3-none-manylinux_2_17_i686.manylinux2014_i686.whl", hash = "sha256:7165d31a925b7a294465fa81be8c12a0e9b60fb02bf177e79067c867e71f8b1f", size = 14029234, upload-time = "2025-12-18T19:29:00.132Z" },
    { url = "https://files.pythonhosted.org/packages/44/84/77d911bee3b92348b6e5dab5a0c898d87084ea03ac5dc708f46d88407def/ruff-0.14.10-py3-none-manylinux_2_17_ppc64.manylinux2014_ppc64.whl", hash = "sha256:c561695675b972effb0c0a45db233f2c816ff3da8dcfbe7dfc7eed625f218935", size = 15449890, upload-time = "2025-12-18T19:28:53.573Z" },
    { url = "https://files.pythonhosted.org/packages/e9/36/480206eaefa24a7ec321582dda580443a8f0671fdbf6b1c80e9c3e93a16a/ruff-0.14.10-py3-none-manylinux_2_17_ppc64le.manylinux2014_ppc64le.whl", hash = "sha256:4bb98fcbbc61725968893682fd4df8966a34611239c9fd07a1f6a07e7103d08e", size = 15123172, upload-time = "2025-12-18T19:29:23.453Z" },
    { url = "https://files.pythonhosted.org/packages/5c/38/68e414156015ba80cef5473d57919d27dfb62ec804b96180bafdeaf0e090/ruff-0.14.10-py3-none-manylinux_2_17_s390x.manylinux2014_s390x.whl", hash = "sha256:f24b47993a9d8cb858429e97bdf8544c78029f09b520af615c1d261bf827001d", size = 14460260, upload-time = "2025-12-18T19:29:27.808Z" },
    { url = "https://files.pythonhosted.org/packages/b3/19/9e050c0dca8aba824d67cc0db69fb459c28d8cd3f6855b1405b3f29cc91d/ruff-0.14.10-py3-none-manylinux_2_17_x86_64.manylinux2014_x86_64.whl", hash = "sha256:59aabd2e2c4fd614d2862e7939c34a532c04f1084476d6833dddef4afab87e9f", size = 14229978, upload-time = "2025-12-18T19:29:11.32Z" },
    { url = "https://files.pythonhosted.org/packages/51/eb/e8dd1dd6e05b9e695aa9dd420f4577debdd0f87a5ff2fedda33c09e9be8c/ruff-0.14.10-py3-none-manylinux_2_31_riscv64.whl", hash = "sha256:213db2b2e44be8625002dbea33bb9c60c66ea2c07c084a00d55732689d697a7f", size = 14338036, upload-time = "2025-12-18T19:29:09.184Z" },
    { url = "https://files.pythonhosted.org/packages/6a/12/f3e3a505db7c19303b70af370d137795fcfec136d670d5de5391e295c134/ruff-0.14.10-py3-none-musllinux_1_2_aarch64.whl", hash = "sha256:b914c40ab64865a17a9a5b67911d14df72346a634527240039eb3bd650e5979d", size = 13264051, upload-time = "2025-12-18T19:29:13.431Z" },
    { url = "https://files.pythonhosted.org/packages/08/64/8c3a47eaccfef8ac20e0484e68e0772013eb85802f8a9f7603ca751eb166/ruff-0.14.10-py3-none-musllinux_1_2_armv7l.whl", hash = "sha256:1484983559f026788e3a5c07c81ef7d1e97c1c78ed03041a18f75df104c45405", size = 13283998, upload-time = "2025-12-18T19:29:06.994Z" },
    { url = "https://files.pythonhosted.org/packages/12/84/534a5506f4074e5cc0529e5cd96cfc01bb480e460c7edf5af70d2bcae55e/ruff-0.14.10-py3-none-musllinux_1_2_i686.whl", hash = "sha256:c70427132db492d25f982fffc8d6c7535cc2fd2c83fc8888f05caaa248521e60", size = 13601891, upload-time = "2025-12-18T19:28:55.811Z" },
    { url = "https://files.pythonhosted.org/packages/0d/1e/14c916087d8598917dbad9b2921d340f7884824ad6e9c55de948a93b106d/ruff-0.14.10-py3-none-musllinux_1_2_x86_64.whl", hash = "sha256:5bcf45b681e9f1ee6445d317ce1fa9d6cba9a6049542d1c3d5b5958986be8830", size = 14336660, upload-time = "2025-12-18T19:29:16.531Z" },
    { url = "https://files.pythonhosted.org/packages/f2/1c/d7b67ab43f30013b47c12b42d1acd354c195351a3f7a1d67f59e54227ede/ruff-0.14.10-py3-none-win32.whl", hash = "sha256:104c49fc7ab73f3f3a758039adea978869a918f31b73280db175b43a2d9b51d6", size = 13196187, upload-time = "2025-12-18T19:29:19.006Z" },
    { url = "https://files.pythonhosted.org/packages/fb/9c/896c862e13886fae2af961bef3e6312db9ebc6adc2b156fe95e615dee8c1/ruff-0.14.10-py3-none-win_amd64.whl", hash = "sha256:466297bd73638c6bdf06485683e812db1c00c7ac96d4ddd0294a338c62fdc154", size = 14661283, upload-time = "2025-12-18T19:29:30.16Z" },
    { url = "https://files.pythonhosted.org/packages/74/31/b0e29d572670dca3674eeee78e418f20bdf97fa8aa9ea71380885e175ca0/ruff-0.14.10-py3-none-win_arm64.whl", hash = "sha256:e51d046cf6dda98a4633b8a8a771451107413b0f07183b2bef03f075599e44e6", size = 13729839, upload-time = "2025-12-18T19:28:48.636Z" },
]

[[package]]
name = "sqlalchemy"
version = "2.0.44"
source = { registry = "https://pypi.org/simple" }
dependencies = [
    { name = "greenlet", marker = "platform_machine == 'AMD64' or platform_machine == 'WIN32' or platform_machine == 'aarch64' or platform_machine == 'amd64' or platform_machine == 'ppc64le' or platform_machine == 'win32' or platform_machine == 'x86_64'" },
    { name = "typing-extensions" },
]
sdist = { url = "https://files.pythonhosted.org/packages/f0/f2/840d7b9496825333f532d2e3976b8eadbf52034178aac53630d09fe6e1ef/sqlalchemy-2.0.44.tar.gz", hash = "sha256:0ae7454e1ab1d780aee69fd2aae7d6b8670a581d8847f2d1e0f7ddfbf47e5a22", size = 9819830, upload-time = "2025-10-10T14:39:12.935Z" }
wheels = [
    { url = "https://files.pythonhosted.org/packages/45/d3/c67077a2249fdb455246e6853166360054c331db4613cda3e31ab1cadbef/sqlalchemy-2.0.44-cp313-cp313-macosx_10_13_x86_64.whl", hash = "sha256:ff486e183d151e51b1d694c7aa1695747599bb00b9f5f604092b54b74c64a8e1", size = 2135479, upload-time = "2025-10-10T16:03:37.671Z" },
    { url = "https://files.pythonhosted.org/packages/2b/91/eabd0688330d6fd114f5f12c4f89b0d02929f525e6bf7ff80aa17ca802af/sqlalchemy-2.0.44-cp313-cp313-macosx_11_0_arm64.whl", hash = "sha256:0b1af8392eb27b372ddb783b317dea0f650241cea5bd29199b22235299ca2e45", size = 2123212, upload-time = "2025-10-10T16:03:41.755Z" },
    { url = "https://files.pythonhosted.org/packages/b0/bb/43e246cfe0e81c018076a16036d9b548c4cc649de241fa27d8d9ca6f85ab/sqlalchemy-2.0.44-cp313-cp313-manylinux_2_17_aarch64.manylinux2014_aarch64.whl", hash = "sha256:2b61188657e3a2b9ac4e8f04d6cf8e51046e28175f79464c67f2fd35bceb0976", size = 3255353, upload-time = "2025-10-10T15:35:31.221Z" },
    { url = "https://files.pythonhosted.org/packages/b9/96/c6105ed9a880abe346b64d3b6ddef269ddfcab04f7f3d90a0bf3c5a88e82/sqlalchemy-2.0.44-cp313-cp313-manylinux_2_17_x86_64.manylinux2014_x86_64.whl", hash = "sha256:b87e7b91a5d5973dda5f00cd61ef72ad75a1db73a386b62877d4875a8840959c", size = 3260222, upload-time = "2025-10-10T15:43:50.124Z" },
    { url = "https://files.pythonhosted.org/packages/44/16/1857e35a47155b5ad927272fee81ae49d398959cb749edca6eaa399b582f/sqlalchemy-2.0.44-cp313-cp313-musllinux_1_2_aarch64.whl", hash = "sha256:15f3326f7f0b2bfe406ee562e17f43f36e16167af99c4c0df61db668de20002d", size = 3189614, upload-time = "2025-10-10T15:35:32.578Z" },
    { url = "https://files.pythonhosted.org/packages/88/ee/4afb39a8ee4fc786e2d716c20ab87b5b1fb33d4ac4129a1aaa574ae8a585/sqlalchemy-2.0.44-cp313-cp313-musllinux_1_2_x86_64.whl", hash = "sha256:1e77faf6ff919aa8cd63f1c4e561cac1d9a454a191bb864d5dd5e545935e5a40", size = 3226248, upload-time = "2025-10-10T15:43:51.862Z" },
    { url = "https://files.pythonhosted.org/packages/32/d5/0e66097fc64fa266f29a7963296b40a80d6a997b7ac13806183700676f86/sqlalchemy-2.0.44-cp313-cp313-win32.whl", hash = "sha256:ee51625c2d51f8baadf2829fae817ad0b66b140573939dd69284d2ba3553ae73", size = 2101275, upload-time = "2025-10-10T15:03:26.096Z" },
    { url = "https://files.pythonhosted.org/packages/03/51/665617fe4f8c6450f42a6d8d69243f9420f5677395572c2fe9d21b493b7b/sqlalchemy-2.0.44-cp313-cp313-win_amd64.whl", hash = "sha256:c1c80faaee1a6c3428cecf40d16a2365bcf56c424c92c2b6f0f9ad204b899e9e", size = 2127901, upload-time = "2025-10-10T15:03:27.548Z" },
    { url = "https://files.pythonhosted.org/packages/9c/5e/6a29fa884d9fb7ddadf6b69490a9d45fded3b38541713010dad16b77d015/sqlalchemy-2.0.44-py3-none-any.whl", hash = "sha256:19de7ca1246fbef9f9d1bff8f1ab25641569df226364a0e40457dc5457c54b05", size = 1928718, upload-time = "2025-10-10T15:29:45.32Z" },
]

[[package]]
name = "sqlalchemy-aip160"
version = "0.1.0"
source = { editable = "." }
dependencies = [
    { name = "lark" },
    { name = "sqlalchemy" },
]

[package.dev-dependencies]
dev = [
    { name = "pytest" },
    { name = "ruff" },
    { name = "ty" },
]

[package.metadata]
requires-dist = [
    { name = "lark", specifier = ">=1.3.1" },
    { name = "sqlalchemy", specifier = ">=2.0.44" },
]

[package.metadata.requires-dev]
dev = [
    { name = "pytest", specifier = ">=9.0.1" },
    { name = "ruff", specifier = ">=0.14.6" },
    { name = "ty", specifier = ">=0.0.8" },
]

[[package]]
name = "ty"
version = "0.0.8"
source = { registry = "https://pypi.org/simple" }
sdist = { url = "https://files.pythonhosted.org/packages/72/9d/59e955cc39206a0d58df5374808785c45ec2a8a2a230eb1638fbb4fe5c5d/ty-0.0.8.tar.gz", hash = "sha256:352ac93d6e0050763be57ad1e02087f454a842887e618ec14ac2103feac48676", size = 4828477, upload-time = "2025-12-29T13:50:07.193Z" }
wheels = [
    { url = "https://files.pythonhosted.org/packages/69/2b/dd61f7e50a69c72f72c625d026e9ab64a0db62b2dd32e7426b520e2429c6/ty-0.0.8-py3-none-linux_armv6l.whl", hash = "sha256:a289d033c5576fa3b4a582b37d63395edf971cdbf70d2d2e6b8c95638d1a4fcd", size = 9853417, upload-time = "2025-12-29T13:50:08.979Z" },
    { url = "https://files.pythonhosted.org/packages/90/72/3f1d3c64a049a388e199de4493689a51fc6aa5ff9884c03dea52b4966657/ty-0.0.8-py3-none-macosx_10_12_x86_64.whl", hash = "sha256:788ea97dc8153a94e476c4d57b2551a9458f79c187c4aba48fcb81f05372924a", size = 9657890, upload-time = "2025-12-29T13:50:27.867Z" },
    { url = "https://files.pythonhosted.org/packages/71/d1/08ac676bd536de3c2baba0deb60e67b3196683a2fabebfd35659d794b5e9/ty-0.0.8-py3-none-macosx_11_0_arm64.whl", hash = "sha256:1b5f1f3d3e230f35a29e520be7c3d90194a5229f755b721e9092879c00842d31", size = 9180129, upload-time = "2025-12-29T13:50:22.842Z" },
    { url = "https://files.pythonhosted.org/packages/af/93/610000e2cfeea1875900f73a375ba917624b0a008d4b8a6c18c894c8dbbc/ty-0.0.8-py3-none-manylinux_2_17_aarch64.manylinux2014_aarch64.whl", hash = "sha256:6da9ed377fbbcec0a3b60b2ca5fd30496e15068f47cef2344ba87923e78ba996", size = 9683517, upload-time = "2025-12-29T13:50:18.658Z" },
    { url = "https://files.pythonhosted.org/packages/05/04/bef50ba7d8580b0140be597de5cc0ba9a63abe50d3f65560235f23658762/ty-0.0.8-py3-none-manylinux_2_17_armv7l.manylinux2014_armv7l.whl", hash = "sha256:7d0a2bdce5e701d19eb8d46d9da0fe31340f079cecb7c438f5ac6897c73fc5ba", size = 9676279, upload-time = "2025-12-29T13:50:25.207Z" },
    { url = "https://files.pythonhosted.org/packages/aa/b9/2aff1ef1f41b25898bc963173ae67fc8f04ca666ac9439a9c4e78d5cc0ff/ty-0.0.8-py3-none-manylinux_2_17_i686.manylinux2014_i686.whl", hash = "sha256:ef9078799d26d3cc65366e02392e2b78f64f72911b599e80a8497d2ec3117ddb", size = 10073015, upload-time = "2025-12-29T13:50:35.422Z" },
    { url = "https://files.pythonhosted.org/packages/df/0e/9feb6794b6ff0a157c3e6a8eb6365cbfa3adb9c0f7976e2abdc48615dd72/ty-0.0.8-py3-none-manylinux_2_17_ppc64.manylinux2014_ppc64.whl", hash = "sha256:54814ac39b4ab67cf111fc0a236818155cf49828976152378347a7678d30ee89", size = 10961649, upload-time = "2025-12-29T13:49:58.717Z" },
    { url = "https://files.pythonhosted.org/packages/f4/3b/faf7328b14f00408f4f65c9d01efe52e11b9bcc4a79e06187b370457b004/ty-0.0.8-py3-none-manylinux_2_17_ppc64le.manylinux2014_ppc64le.whl", hash = "sha256:c4baf0a80398e8b6c68fa36ff85045a50ede1906cd4edb41fb4fab46d471f1d4", size = 10676190, upload-time = "2025-12-29T13:50:01.11Z" },
    { url = "https://files.pythonhosted.org/packages/64/a5/cfeca780de7eeab7852c911c06a84615a174d23e9ae08aae42a645771094/ty-0.0.8-py3-none-manylinux_2_17_s390x.manylinux2014_s390x.whl", hash = "sha256:ac8e23c3faefc579686799ef1649af8d158653169ad5c3a7df56b152781eeb67", size = 10438641, upload-time = "2025-12-29T13:50:29.664Z" },
    { url = "https://files.pythonhosted.org/packages/0e/8d/8667c7e0ac9f13c461ded487c8d7350f440cd39ba866d0160a8e1b1efd6c/ty-0.0.8-py3-none-manylinux_2_17_x86_64.manylinux2014_x86_64.whl", hash = "sha256:b558a647a073d0c25540aaa10f8947de826cb8757d034dd61ecf50ab8dbd77bf", size = 10214082, upload-time = "2025-12-29T13:50:31.531Z" },
    { url = "https://files.pythonhosted.org/packages/f8/11/e563229870e2c1d089e7e715c6c3b7605a34436dddf6f58e9205823020c2/ty-0.0.8-py3-none-musllinux_1_2_aarch64.whl", hash = "sha256:8c0104327bf480508bd81f320e22074477df159d9eff85207df39e9c62ad5e96", size = 9664364, upload-time = "2025-12-29T13:50:05.443Z" },
    { url = "https://files.pythonhosted.org/packages/b1/ad/05b79b778bf5237bcd7ee08763b226130aa8da872cbb151c8cfa2e886203/ty-0.0.8-py3-none-musllinux_1_2_armv7l.whl", hash = "sha256:496f1cb87261dd1a036a5609da80ee13de2e6ee4718a661bfa2afb91352fe528", size = 9679440, upload-time = "2025-12-29T13:50:11.289Z" },
    { url = "https://files.pythonhosted.org/packages/12/b5/23ba887769c4a7b8abfd1b6395947dc3dcc87533fbf86379d3a57f87ae8f/ty-0.0.8-py3-none-musllinux_1_2_i686.whl", hash = "sha256:2c488031f92a075ae39d13ac6295fdce2141164ec38c5d47aa8dc24ee3afa37e", size = 9808201, upload-time = "2025-12-29T13:50:21.003Z" },
    { url = "https://files.pythonhosted.org/packages/f8/90/5a82ac0a0707db55376922aed80cd5fca6b2e6d6e9bcd8c286e6b43b4084/ty-0.0.8-py3-none-musllinux_1_2_x86_64.whl", hash = "sha256:90d6f08c5982fa3e802b8918a32e326153519077b827f91c66eea4913a86756a", size = 10313262, upload-time = "2025-12-29T13:50:03.306Z" },
    { url = "https://files.pythonhosted.org/packages/14/f7/ff97f37f0a75db9495ddbc47738ec4339837867c4bfa145bdcfbd0d1eb2f/ty-0.0.8-py3-none-win32.whl", hash = "sha256:d7f460ad6fc9325e9cc8ea898949bbd88141b4609d1088d7ede02ce2ef06e776", size = 9254675, upload-time = "2025-12-29T13:50:33.35Z" },
    { url = "https://files.pythonhosted.org/packages/af/51/eba5d83015e04630002209e3590c310a0ff1d26e1815af204a322617a42e/ty-0.0.8-py3-none-win_amd64.whl", hash = "sha256:1641fb8dedc3d2da43279d21c3c7c1f80d84eae5c264a1e8daa544458e433c19", size = 10131382, upload-time = "2025-12-29T13:50:13.719Z" },
    { url = "https://files.pythonhosted.org/packages/38/1c/0d8454ff0f0f258737ecfe84f6e508729191d29663b404832f98fa5626b7/ty-0.0.8-py3-none-win_arm64.whl", hash = "sha256:ec74f022f315bede478ecae1277a01ab618e6500c1d68450d7883f5cd6ed554a", size = 9636374, upload-time = "2025-12-29T13:50:16.344Z" },
]

[[package]]
name = "typing-extensions"
version = "4.15.0"
source = { registry = "https://pypi.org/simple" }
sdist = { url = "https://files.pythonhosted.org/packages/72/94/1a15dd82efb362ac84269196e94cf00f187f7ed21c242792a923cdb1c61f/typing_extensions-4.15.0.tar.gz", hash = "sha256:0cea48d173cc12fa28ecabc3b837ea3cf6f38c6d1136f85cbaaf598984861466", size = 109391, upload-time = "2025-08-25T13:49:26.313Z" }
wheels = [
    { url = "https://files.pythonhosted.org/packages/18/67/36e9267722cc04a6b9f15c7f3441c2363321a3ea07da7ae0c0707beb2a9c/typing_extensions-4.15.0-py3-none-any.whl", hash = "sha256:f0fa19c6845758ab08074a0cfa8b7aecb71c999ca73d62883bc25cc018c4e548", size = 44614, upload-time = "2025-08-25T13:49:24.86Z" },
]
