version = 1
revision = 3
requires-python = ">=3.13"

[[package]]
name = "colorama"
version = "0.4.6"
source = { registry = "https://pypi.org/simple/" }
sdist = { url = "https://files.pythonhosted.org/packages/d8/53/6f443c9a4a8358a93a6792e2acffb9d9d5cb0a5cfd8802644b7b1c9a02e4/colorama-0.4.6.tar.gz", hash = "sha256:08695f5cb7ed6e0531a20572697297273c47b8cae5a63ffc6d6ed5c201be6e44", size = 27697, upload-time = "2022-10-25T02:36:22.414Z" }
wheels = [
    { url = "https://files.pythonhosted.org/packages/d1/d6/3965ed04c63042e047cb6a3e6ed1a63a35087b6a609aa3a15ed8ac56c221/colorama-0.4.6-py2.py3-none-any.whl", hash = "sha256:4f1d9991f5acc0ca119f9d443620b77f9d6b33703e51011c16baf57afb285fc6", size = 25335, upload-time = "2022-10-25T02:36:20.889Z" },
]

[[package]]
name = "greenlet"
version = "3.3.2"
source = { registry = "https://pypi.org/simple/" }
sdist = { url = "https://files.pythonhosted.org/packages/a3/51/1664f6b78fc6ebbd98019a1fd730e83fa78f2db7058f72b1463d3612b8db/greenlet-3.3.2.tar.gz", hash = "sha256:2eaf067fc6d886931c7962e8c6bede15d2f01965560f3359b27c80bde2d151f2", size = 188267, upload-time = "2026-02-20T20:54:15.531Z" }
wheels = [
    { url = "https://files.pythonhosted.org/packages/ac/48/f8b875fa7dea7dd9b33245e37f065af59df6a25af2f9561efa8d822fde51/greenlet-3.3.2-cp313-cp313-macosx_11_0_universal2.whl", hash = "sha256:aa6ac98bdfd716a749b84d4034486863fd81c3abde9aa3cf8eff9127981a4ae4", size = 279120, upload-time = "2026-02-20T20:19:01.9Z" },
    { url = "https://files.pythonhosted.org/packages/49/8d/9771d03e7a8b1ee456511961e1b97a6d77ae1dea4a34a5b98eee706689d3/greenlet-3.3.2-cp313-cp313-manylinux_2_24_aarch64.manylinux_2_28_aarch64.whl", hash = "sha256:ab0c7e7901a00bc0a7284907273dc165b32e0d109a6713babd04471327ff7986", size = 603238, upload-time = "2026-02-20T20:47:32.873Z" },
    { url = "https://files.pythonhosted.org/packages/59/0e/4223c2bbb63cd5c97f28ffb2a8aee71bdfb30b323c35d409450f51b91e3e/greenlet-3.3.2-cp313-cp313-manylinux_2_24_ppc64le.manylinux_2_28_ppc64le.whl", hash = "sha256:d248d8c23c67d2291ffd47af766e2a3aa9fa1c6703155c099feb11f526c63a92", size = 614219, upload-time = "2026-02-20T20:55:59.817Z" },
    { url = "https://files.pythonhosted.org/packages/7a/34/259b28ea7a2a0c904b11cd36c79b8cef8019b26ee5dbe24e73b469dea347/greenlet-3.3.2-cp313-cp313-manylinux_2_24_x86_64.manylinux_2_28_x86_64.whl", hash = "sha256:b6997d360a4e6a4e936c0f9625b1c20416b8a0ea18a8e19cabbefc712e7397ab", size = 616774, upload-time = "2026-02-20T20:21:02.454Z" },
    { url = "https://files.pythonhosted.org/packages/0a/03/996c2d1689d486a6e199cb0f1cf9e4aa940c500e01bdf201299d7d61fa69/greenlet-3.3.2-cp313-cp313-musllinux_1_2_aarch64.whl", hash = "sha256:64970c33a50551c7c50491671265d8954046cb6e8e2999aacdd60e439b70418a", size = 1571277, upload-time = "2026-02-20T20:49:34.795Z" },
    { url = "https://files.pythonhosted.org/packages/d9/c4/2570fc07f34a39f2caf0bf9f24b0a1a0a47bc2e8e465b2c2424821389dfc/greenlet-3.3.2-cp313-cp313-musllinux_1_2_x86_64.whl", hash = "sha256:1a9172f5bf6bd88e6ba5a84e0a68afeac9dc7b6b412b245dd64f52d83c81e55b", size = 1640455, upload-time = "2026-02-20T20:21:10.261Z" },
    { url = "https://files.pythonhosted.org/packages/91/39/5ef5aa23bc545aa0d31e1b9b55822b32c8da93ba657295840b6b34124009/greenlet-3.3.2-cp313-cp313-win_amd64.whl", hash = "sha256:a7945dd0eab63ded0a48e4dcade82939783c172290a7903ebde9e184333ca124", size = 230961, upload-time = "2026-02-20T20:16:58.461Z" },
    { url = "https://files.pythonhosted.org/packages/62/6b/a89f8456dcb06becff288f563618e9f20deed8dd29beea14f9a168aef64b/greenlet-3.3.2-cp313-cp313-win_arm64.whl", hash = "sha256:394ead29063ee3515b4e775216cb756b2e3b4a7e55ae8fd884f17fa579e6b327", size = 230221, upload-time = "2026-02-20T20:17:37.152Z" },
    { url = "https://files.pythonhosted.org/packages/3f/ae/8bffcbd373b57a5992cd077cbe8858fff39110480a9d50697091faea6f39/greenlet-3.3.2-cp314-cp314-macosx_11_0_universal2.whl", hash = "sha256:8d1658d7291f9859beed69a776c10822a0a799bc4bfe1bd4272bb60e62507dab", size = 279650, upload-time = "2026-02-20T20:18:00.783Z" },
    { url = "https://files.pythonhosted.org/packages/d1/c0/45f93f348fa49abf32ac8439938726c480bd96b2a3c6f4d949ec0124b69f/greenlet-3.3.2-cp314-cp314-manylinux_2_24_aarch64.manylinux_2_28_aarch64.whl", hash = "sha256:18cb1b7337bca281915b3c5d5ae19f4e76d35e1df80f4ad3c1a7be91fadf1082", size = 650295, upload-time = "2026-02-20T20:47:34.036Z" },
    { url = "https://files.pythonhosted.org/packages/b3/de/dd7589b3f2b8372069ab3e4763ea5329940fc7ad9dcd3e272a37516d7c9b/greenlet-3.3.2-cp314-cp314-manylinux_2_24_ppc64le.manylinux_2_28_ppc64le.whl", hash = "sha256:c2e47408e8ce1c6f1ceea0dffcdf6ebb85cc09e55c7af407c99f1112016e45e9", size = 662163, upload-time = "2026-02-20T20:56:01.295Z" },
    { url = "https://files.pythonhosted.org/packages/d2/d8/09bfa816572a4d83bccd6750df1926f79158b1c36c5f73786e26dbe4ee38/greenlet-3.3.2-cp314-cp314-manylinux_2_24_x86_64.manylinux_2_28_x86_64.whl", hash = "sha256:63d10328839d1973e5ba35e98cccbca71b232b14051fd957b6f8b6e8e80d0506", size = 664160, upload-time = "2026-02-20T20:21:04.015Z" },
    { url = "https://files.pythonhosted.org/packages/48/cf/56832f0c8255d27f6c35d41b5ec91168d74ec721d85f01a12131eec6b93c/greenlet-3.3.2-cp314-cp314-musllinux_1_2_aarch64.whl", hash = "sha256:8e4ab3cfb02993c8cc248ea73d7dae6cec0253e9afa311c9b37e603ca9fad2ce", size = 1619181, upload-time = "2026-02-20T20:49:36.052Z" },
    { url = "https://files.pythonhosted.org/packages/0a/23/b90b60a4aabb4cec0796e55f25ffbfb579a907c3898cd2905c8918acaa16/greenlet-3.3.2-cp314-cp314-musllinux_1_2_x86_64.whl", hash = "sha256:94ad81f0fd3c0c0681a018a976e5c2bd2ca2d9d94895f23e7bb1af4e8af4e2d5", size = 1687713, upload-time = "2026-02-20T20:21:11.684Z" },
    { url = "https://files.pythonhosted.org/packages/f3/ca/2101ca3d9223a1dc125140dbc063644dca76df6ff356531eb27bc267b446/greenlet-3.3.2-cp314-cp314-win_amd64.whl", hash = "sha256:8c4dd0f3997cf2512f7601563cc90dfb8957c0cff1e3a1b23991d4ea1776c492", size = 232034, upload-time = "2026-02-20T20:20:08.186Z" },
    { url = "https://files.pythonhosted.org/packages/f6/4a/ecf894e962a59dea60f04877eea0fd5724618da89f1867b28ee8b91e811f/greenlet-3.3.2-cp314-cp314-win_arm64.whl", hash = "sha256:cd6f9e2bbd46321ba3bbb4c8a15794d32960e3b0ae2cc4d49a1a53d314805d71", size = 231437, upload-time = "2026-02-20T20:18:59.722Z" },
    { url = "https://files.pythonhosted.org/packages/98/6d/8f2ef704e614bcf58ed43cfb8d87afa1c285e98194ab2cfad351bf04f81e/greenlet-3.3.2-cp314-cp314t-macosx_11_0_universal2.whl", hash = "sha256:e26e72bec7ab387ac80caa7496e0f908ff954f31065b0ffc1f8ecb1338b11b54", size = 286617, upload-time = "2026-02-20T20:19:29.856Z" },
    { url = "https://files.pythonhosted.org/packages/5e/0d/93894161d307c6ea237a43988f27eba0947b360b99ac5239ad3fe09f0b47/greenlet-3.3.2-cp314-cp314t-manylinux_2_24_aarch64.manylinux_2_28_aarch64.whl", hash = "sha256:8b466dff7a4ffda6ca975979bab80bdadde979e29fc947ac3be4451428d8b0e4", size = 655189, upload-time = "2026-02-20T20:47:35.742Z" },
    { url = "https://files.pythonhosted.org/packages/f5/2c/d2d506ebd8abcb57386ec4f7ba20f4030cbe56eae541bc6fd6ef399c0b41/greenlet-3.3.2-cp314-cp314t-manylinux_2_24_ppc64le.manylinux_2_28_ppc64le.whl", hash = "sha256:b8bddc5b73c9720bea487b3bffdb1840fe4e3656fba3bd40aa1489e9f37877ff", size = 658225, upload-time = "2026-02-20T20:56:02.527Z" },
    { url = "https://files.pythonhosted.org/packages/8e/30/3a09155fbf728673a1dea713572d2d31159f824a37c22da82127056c44e4/greenlet-3.3.2-cp314-cp314t-manylinux_2_24_x86_64.manylinux_2_28_x86_64.whl", hash = "sha256:b26b0f4428b871a751968285a1ac9648944cea09807177ac639b030bddebcea4", size = 657907, upload-time = "2026-02-20T20:21:05.259Z" },
    { url = "https://files.pythonhosted.org/packages/f3/fd/d05a4b7acd0154ed758797f0a43b4c0962a843bedfe980115e842c5b2d08/greenlet-3.3.2-cp314-cp314t-musllinux_1_2_aarch64.whl", hash = "sha256:1fb39a11ee2e4d94be9a76671482be9398560955c9e568550de0224e41104727", size = 1618857, upload-time = "2026-02-20T20:49:37.309Z" },
    { url = "https://files.pythonhosted.org/packages/6f/e1/50ee92a5db521de8f35075b5eff060dd43d39ebd46c2181a2042f7070385/greenlet-3.3.2-cp314-cp314t-musllinux_1_2_x86_64.whl", hash = "sha256:20154044d9085151bc309e7689d6f7ba10027f8f5a8c0676ad398b951913d89e", size = 1680010, upload-time = "2026-02-20T20:21:13.427Z" },
    { url = "https://files.pythonhosted.org/packages/29/4b/45d90626aef8e65336bed690106d1382f7a43665e2249017e9527df8823b/greenlet-3.3.2-cp314-cp314t-win_amd64.whl", hash = "sha256:c04c5e06ec3e022cbfe2cd4a846e1d4e50087444f875ff6d2c2ad8445495cf1a", size = 237086, upload-time = "2026-02-20T20:20:45.786Z" },
]

[[package]]
name = "iniconfig"
version = "2.3.0"
source = { registry = "https://pypi.org/simple/" }
sdist = { url = "https://files.pythonhosted.org/packages/72/34/14ca021ce8e5dfedc35312d08ba8bf51fdd999c576889fc2c24cb97f4f10/iniconfig-2.3.0.tar.gz", hash = "sha256:c76315c77db068650d49c5b56314774a7804df16fee4402c1f19d6d15d8c4730", size = 20503, upload-time = "2025-10-18T21:55:43.219Z" }
wheels = [
    { url = "https://files.pythonhosted.org/packages/cb/b1/3846dd7f199d53cb17f49cba7e651e9ce294d8497c8c150530ed11865bb8/iniconfig-2.3.0-py3-none-any.whl", hash = "sha256:f631c04d2c48c52b84d0d0549c99ff3859c98df65b3101406327ecc7d53fbf12", size = 7484, upload-time = "2025-10-18T21:55:41.639Z" },
]

[[package]]
name = "lark"
version = "1.3.1"
source = { registry = "https://pypi.org/simple/" }
sdist = { url = "https://files.pythonhosted.org/packages/da/34/28fff3ab31ccff1fd4f6c7c7b0ceb2b6968d8ea4950663eadcb5720591a0/lark-1.3.1.tar.gz", hash = "sha256:b426a7a6d6d53189d318f2b6236ab5d6429eaf09259f1ca33eb716eed10d2905", size = 382732, upload-time = "2025-10-27T18:25:56.653Z" }
wheels = [
    { url = "https://files.pythonhosted.org/packages/82/3d/14ce75ef66813643812f3093ab17e46d3a206942ce7376d31ec2d36229e7/lark-1.3.1-py3-none-any.whl", hash = "sha256:c629b661023a014c37da873b4ff58a817398d12635d3bbb2c5a03be7fe5d1e12", size = 113151, upload-time = "2025-10-27T18:25:54.882Z" },
]

[[package]]
name = "packaging"
version = "26.0"
source = { registry = "https://pypi.org/simple/" }
sdist = { url = "https://files.pythonhosted.org/packages/65/ee/299d360cdc32edc7d2cf530f3accf79c4fca01e96ffc950d8a52213bd8e4/packaging-26.0.tar.gz", hash = "sha256:00243ae351a257117b6a241061796684b084ed1c516a08c48a3f7e147a9d80b4", size = 143416, upload-time = "2026-01-21T20:50:39.064Z" }
wheels = [
    { url = "https://files.pythonhosted.org/packages/b7/b9/c538f279a4e237a006a2c98387d081e9eb060d203d8ed34467cc0f0b9b53/packaging-26.0-py3-none-any.whl", hash = "sha256:b36f1fef9334a5588b4166f8bcd26a14e521f2b55e6b9de3aaa80d3ff7a37529", size = 74366, upload-time = "2026-01-21T20:50:37.788Z" },
]

[[package]]
name = "pluggy"
version = "1.6.0"
source = { registry = "https://pypi.org/simple/" }
sdist = { url = "https://files.pythonhosted.org/packages/f9/e2/3e91f31a7d2b083fe6ef3fa267035b518369d9511ffab804f839851d2779/pluggy-1.6.0.tar.gz", hash = "sha256:7dcc130b76258d33b90f61b658791dede3486c3e6bfb003ee5c9bfb396dd22f3", size = 69412, upload-time = "2025-05-15T12:30:07.975Z" }
wheels = [
    { url = "https://files.pythonhosted.org/packages/54/20/4d324d65cc6d9205fabedc306948156824eb9f0ee1633355a8f7ec5c66bf/pluggy-1.6.0-py3-none-any.whl", hash = "sha256:e920276dd6813095e9377c0bc5566d94c932c33b27a3e3945d8389c374dd4746", size = 20538, upload-time = "2025-05-15T12:30:06.134Z" },
]

[[package]]
name = "pygments"
version = "2.19.2"
source = { registry = "https://pypi.org/simple/" }
sdist = { url = "https://files.pythonhosted.org/packages/b0/77/a5b8c569bf593b0140bde72ea885a803b82086995367bf2037de0159d924/pygments-2.19.2.tar.gz", hash = "sha256:636cb2477cec7f8952536970bc533bc43743542f70392ae026374600add5b887", size = 4968631, upload-time = "2025-06-21T13:39:12.283Z" }
wheels = [
    { url = "https://files.pythonhosted.org/packages/c7/21/705964c7812476f378728bdf590ca4b771ec72385c533964653c68e86bdc/pygments-2.19.2-py3-none-any.whl", hash = "sha256:86540386c03d588bb81d44bc3928634ff26449851e99741617ecb9037ee5ec0b", size = 1225217, upload-time = "2025-06-21T13:39:07.939Z" },
]

[[package]]
name = "pytest"
version = "9.0.2"
source = { registry = "https://pypi.org/simple/" }
dependencies = [
    { name = "colorama", marker = "sys_platform == 'win32'" },
    { name = "iniconfig" },
    { name = "packaging" },
    { name = "pluggy" },
    { name = "pygments" },
]
sdist = { url = "https://files.pythonhosted.org/packages/d1/db/7ef3487e0fb0049ddb5ce41d3a49c235bf9ad299b6a25d5780a89f19230f/pytest-9.0.2.tar.gz", hash = "sha256:75186651a92bd89611d1d9fc20f0b4345fd827c41ccd5c299a868a05d70edf11", size = 1568901, upload-time = "2025-12-06T21:30:51.014Z" }
wheels = [
    { url = "https://files.pythonhosted.org/packages/3b/ab/b3226f0bd7cdcf710fbede2b3548584366da3b19b5021e74f5bde2a8fa3f/pytest-9.0.2-py3-none-any.whl", hash = "sha256:711ffd45bf766d5264d487b917733b453d917afd2b0ad65223959f59089f875b", size = 374801, upload-time = "2025-12-06T21:30:49.154Z" },
]

[[package]]
name = "ruff"
version = "0.15.7"
source = { registry = "https://pypi.org/simple/" }
sdist = { url = "https://files.pythonhosted.org/packages/a1/22/9e4f66ee588588dc6c9af6a994e12d26e19efbe874d1a909d09a6dac7a59/ruff-0.15.7.tar.gz", hash = "sha256:04f1ae61fc20fe0b148617c324d9d009b5f63412c0b16474f3d5f1a1a665f7ac", size = 4601277, upload-time = "2026-03-19T16:26:22.605Z" }
wheels = [
    { url = "https://files.pythonhosted.org/packages/41/2f/0b08ced94412af091807b6119ca03755d651d3d93a242682bf020189db94/ruff-0.15.7-py3-none-linux_armv6l.whl", hash = "sha256:a81cc5b6910fb7dfc7c32d20652e50fa05963f6e13ead3c5915c41ac5d16668e", size = 10489037, upload-time = "2026-03-19T16:26:32.47Z" },
    { url = "https://files.pythonhosted.org/packages/91/4a/82e0fa632e5c8b1eba5ee86ecd929e8ff327bbdbfb3c6ac5d81631bef605/ruff-0.15.7-py3-none-macosx_10_12_x86_64.whl", hash = "sha256:722d165bd52403f3bdabc0ce9e41fc47070ac56d7a91b4e0d097b516a53a3477", size = 10955433, upload-time = "2026-03-19T16:27:00.205Z" },
    { url = "https://files.pythonhosted.org/packages/ab/10/12586735d0ff42526ad78c049bf51d7428618c8b5c467e72508c694119df/ruff-0.15.7-py3-none-macosx_11_0_arm64.whl", hash = "sha256:7fbc2448094262552146cbe1b9643a92f66559d3761f1ad0656d4991491af49e", size = 10269302, upload-time = "2026-03-19T16:26:26.183Z" },
    { url = "https://files.pythonhosted.org/packages/eb/5d/32b5c44ccf149a26623671df49cbfbd0a0ae511ff3df9d9d2426966a8d57/ruff-0.15.7-py3-none-manylinux_2_17_aarch64.manylinux2014_aarch64.whl", hash = "sha256:6b39329b60eba44156d138275323cc726bbfbddcec3063da57caa8a8b1d50adf", size = 10607625, upload-time = "2026-03-19T16:27:03.263Z" },
    { url = "https://files.pythonhosted.org/packages/5d/f1/f0001cabe86173aaacb6eb9bb734aa0605f9a6aa6fa7d43cb49cbc4af9c9/ruff-0.15.7-py3-none-manylinux_2_17_armv7l.manylinux2014_armv7l.whl", hash = "sha256:87768c151808505f2bfc93ae44e5f9e7c8518943e5074f76ac21558ef5627c85", size = 10324743, upload-time = "2026-03-19T16:27:09.791Z" },
    { url = "https://files.pythonhosted.org/packages/7a/87/b8a8f3d56b8d848008559e7c9d8bf367934d5367f6d932ba779456e2f73b/ruff-0.15.7-py3-none-manylinux_2_17_i686.manylinux2014_i686.whl", hash = "sha256:fb0511670002c6c529ec66c0e30641c976c8963de26a113f3a30456b702468b0", size = 11138536, upload-time = "2026-03-19T16:27:06.101Z" },
    { url = "https://files.pythonhosted.org/packages/e4/f2/4fd0d05aab0c5934b2e1464784f85ba2eab9d54bffc53fb5430d1ed8b829/ruff-0.15.7-py3-none-manylinux_2_17_ppc64le.manylinux2014_ppc64le.whl", hash = "sha256:e0d19644f801849229db8345180a71bee5407b429dd217f853ec515e968a6912", size = 11994292, upload-time = "2026-03-19T16:26:48.718Z" },
    { url = "https://files.pythonhosted.org/packages/64/22/fc4483871e767e5e95d1622ad83dad5ebb830f762ed0420fde7dfa9d9b08/ruff-0.15.7-py3-none-manylinux_2_17_s390x.manylinux2014_s390x.whl", hash = "sha256:4806d8e09ef5e84eb19ba833d0442f7e300b23fe3f0981cae159a248a10f0036", size = 11398981, upload-time = "2026-03-19T16:26:54.513Z" },
    { url = "https://files.pythonhosted.org/packages/b0/99/66f0343176d5eab02c3f7fcd2de7a8e0dd7a41f0d982bee56cd1c24db62b/ruff-0.15.7-py3-none-manylinux_2_17_x86_64.manylinux2014_x86_64.whl", hash = "sha256:dce0896488562f09a27b9c91b1f58a097457143931f3c4d519690dea54e624c5", size = 11242422, upload-time = "2026-03-19T16:26:29.277Z" },
    { url = "https://files.pythonhosted.org/packages/5d/3a/a7060f145bfdcce4c987ea27788b30c60e2c81d6e9a65157ca8afe646328/ruff-0.15.7-py3-none-manylinux_2_31_riscv64.whl", hash = "sha256:1852ce241d2bc89e5dc823e03cff4ce73d816b5c6cdadd27dbfe7b03217d2a12", size = 11232158, upload-time = "2026-03-19T16:26:42.321Z" },
    { url = "https://files.pythonhosted.org/packages/a7/53/90fbb9e08b29c048c403558d3cdd0adf2668b02ce9d50602452e187cd4af/ruff-0.15.7-py3-none-musllinux_1_2_aarch64.whl", hash = "sha256:5f3e4b221fb4bd293f79912fc5e93a9063ebd6d0dcbd528f91b89172a9b8436c", size = 10577861, upload-time = "2026-03-19T16:26:57.459Z" },
    { url = "https://files.pythonhosted.org/packages/2f/aa/5f486226538fe4d0f0439e2da1716e1acf895e2a232b26f2459c55f8ddad/ruff-0.15.7-py3-none-musllinux_1_2_armv7l.whl", hash = "sha256:b15e48602c9c1d9bdc504b472e90b90c97dc7d46c7028011ae67f3861ceba7b4", size = 10327310, upload-time = "2026-03-19T16:26:35.909Z" },
    { url = "https://files.pythonhosted.org/packages/99/9e/271afdffb81fe7bfc8c43ba079e9d96238f674380099457a74ccb3863857/ruff-0.15.7-py3-none-musllinux_1_2_i686.whl", hash = "sha256:1b4705e0e85cedc74b0a23cf6a179dbb3df184cb227761979cc76c0440b5ab0d", size = 10840752, upload-time = "2026-03-19T16:26:45.723Z" },
    { url = "https://files.pythonhosted.org/packages/bf/29/a4ae78394f76c7759953c47884eb44de271b03a66634148d9f7d11e721bd/ruff-0.15.7-py3-none-musllinux_1_2_x86_64.whl", hash = "sha256:112c1fa316a558bb34319282c1200a8bf0495f1b735aeb78bfcb2991e6087580", size = 11336961, upload-time = "2026-03-19T16:26:39.076Z" },
    { url = "https://files.pythonhosted.org/packages/26/6b/8786ba5736562220d588a2f6653e6c17e90c59ced34a2d7b512ef8956103/ruff-0.15.7-py3-none-win32.whl", hash = "sha256:6d39e2d3505b082323352f733599f28169d12e891f7dd407f2d4f54b4c2886de", size = 10582538, upload-time = "2026-03-19T16:26:15.992Z" },
    { url = "https://files.pythonhosted.org/packages/2b/e9/346d4d3fffc6871125e877dae8d9a1966b254fbd92a50f8561078b88b099/ruff-0.15.7-py3-none-win_amd64.whl", hash = "sha256:4d53d712ddebcd7dace1bc395367aec12c057aacfe9adbb6d832302575f4d3a1", size = 11755839, upload-time = "2026-03-19T16:26:19.897Z" },
    { url = "https://files.pythonhosted.org/packages/8f/e8/726643a3ea68c727da31570bde48c7a10f1aa60eddd628d94078fec586ff/ruff-0.15.7-py3-none-win_arm64.whl", hash = "sha256:18e8d73f1c3fdf27931497972250340f92e8c861722161a9caeb89a58ead6ed2", size = 11023304, upload-time = "2026-03-19T16:26:51.669Z" },
]

[[package]]
name = "sqlalchemy"
version = "2.0.49"
source = { registry = "https://pypi.org/simple/" }
dependencies = [
    { name = "greenlet", marker = "platform_machine == 'AMD64' or platform_machine == 'WIN32' or platform_machine == 'aarch64' or platform_machine == 'amd64' or platform_machine == 'ppc64le' or platform_machine == 'win32' or platform_machine == 'x86_64'" },
    { name = "typing-extensions" },
]
sdist = { url = "https://files.pythonhosted.org/packages/09/45/461788f35e0364a8da7bda51a1fe1b09762d0c32f12f63727998d85a873b/sqlalchemy-2.0.49.tar.gz", hash = "sha256:d15950a57a210e36dd4cec1aac22787e2a4d57ba9318233e2ef8b2daf9ff2d5f", size = 9898221, upload-time = "2026-04-03T16:38:11.704Z" }
wheels = [
    { url = "https://files.pythonhosted.org/packages/ae/81/81755f50eb2478eaf2049728491d4ea4f416c1eb013338682173259efa09/sqlalchemy-2.0.49-cp313-cp313-macosx_11_0_arm64.whl", hash = "sha256:df2d441bacf97022e81ad047e1597552eb3f83ca8a8f1a1fdd43cd7fe3898120", size = 2154547, upload-time = "2026-04-03T16:53:08.64Z" },
    { url = "https://files.pythonhosted.org/packages/a2/bc/3494270da80811d08bcfa247404292428c4fe16294932bce5593f215cad9/sqlalchemy-2.0.49-cp313-cp313-manylinux2014_aarch64.manylinux_2_17_aarch64.manylinux_2_28_aarch64.whl", hash = "sha256:8e20e511dc15265fb433571391ba313e10dd8ea7e509d51686a51313b4ac01a2", size = 3280782, upload-time = "2026-04-03T17:07:43.508Z" },
    { url = "https://files.pythonhosted.org/packages/cd/f5/038741f5e747a5f6ea3e72487211579d8cbea5eb9827a9cbd61d0108c4bd/sqlalchemy-2.0.49-cp313-cp313-manylinux2014_x86_64.manylinux_2_17_x86_64.manylinux_2_28_x86_64.whl", hash = "sha256:47604cb2159f8bbd5a1ab48a714557156320f20871ee64d550d8bf2683d980d3", size = 3297156, upload-time = "2026-04-03T17:12:27.697Z" },
    { url = "https://files.pythonhosted.org/packages/88/50/a6af0ff9dc954b43a65ca9b5367334e45d99684c90a3d3413fc19a02d43c/sqlalchemy-2.0.49-cp313-cp313-musllinux_1_2_aarch64.whl", hash = "sha256:22d8798819f86720bc646ab015baff5ea4c971d68121cb36e2ebc2ee43ead2b7", size = 3228832, upload-time = "2026-04-03T17:07:45.38Z" },
    { url = "https://files.pythonhosted.org/packages/bc/d1/5f6bdad8de0bf546fc74370939621396515e0cdb9067402d6ba1b8afbe9a/sqlalchemy-2.0.49-cp313-cp313-musllinux_1_2_x86_64.whl", hash = "sha256:9b1c058c171b739e7c330760044803099c7fff11511e3ab3573e5327116a9c33", size = 3267000, upload-time = "2026-04-03T17:12:29.657Z" },
    { url = "https://files.pythonhosted.org/packages/f7/30/ad62227b4a9819a5e1c6abff77c0f614fa7c9326e5a3bdbee90f7139382b/sqlalchemy-2.0.49-cp313-cp313-win32.whl", hash = "sha256:a143af2ea6672f2af3f44ed8f9cd020e9cc34c56f0e8db12019d5d9ecf41cb3b", size = 2115641, upload-time = "2026-04-03T17:05:43.989Z" },
    { url = "https://files.pythonhosted.org/packages/17/3a/7215b1b7d6d49dc9a87211be44562077f5f04f9bb5a59552c1c8e2d98173/sqlalchemy-2.0.49-cp313-cp313-win_amd64.whl", hash = "sha256:12b04d1db2663b421fe072d638a138460a51d5a862403295671c4f3987fb9148", size = 2141498, upload-time = "2026-04-03T17:05:45.7Z" },
    { url = "https://files.pythonhosted.org/packages/28/4b/52a0cb2687a9cd1648252bb257be5a1ba2c2ded20ba695c65756a55a15a4/sqlalchemy-2.0.49-cp313-cp313t-manylinux2014_aarch64.manylinux_2_17_aarch64.manylinux_2_28_aarch64.whl", hash = "sha256:24bd94bb301ec672d8f0623eba9226cc90d775d25a0c92b5f8e4965d7f3a1518", size = 3560807, upload-time = "2026-04-03T16:58:31.666Z" },
    { url = "https://files.pythonhosted.org/packages/8c/d8/fda95459204877eed0458550d6c7c64c98cc50c2d8d618026737de9ed41a/sqlalchemy-2.0.49-cp313-cp313t-manylinux2014_x86_64.manylinux_2_17_x86_64.manylinux_2_28_x86_64.whl", hash = "sha256:a51d3db74ba489266ef55c7a4534eb0b8db9a326553df481c11e5d7660c8364d", size = 3527481, upload-time = "2026-04-03T17:06:00.155Z" },
    { url = "https://files.pythonhosted.org/packages/ff/0a/2aac8b78ac6487240cf7afef8f203ca783e8796002dc0cf65c4ee99ff8bb/sqlalchemy-2.0.49-cp313-cp313t-musllinux_1_2_aarch64.whl", hash = "sha256:55250fe61d6ebfd6934a272ee16ef1244e0f16b7af6cd18ab5b1fc9f08631db0", size = 3468565, upload-time = "2026-04-03T16:58:33.414Z" },
    { url = "https://files.pythonhosted.org/packages/a5/3d/ce71cfa82c50a373fd2148b3c870be05027155ce791dc9a5dcf439790b8b/sqlalchemy-2.0.49-cp313-cp313t-musllinux_1_2_x86_64.whl", hash = "sha256:46796877b47034b559a593d7e4b549aba151dae73f9e78212a3478161c12ab08", size = 3477769, upload-time = "2026-04-03T17:06:02.787Z" },
    { url = "https://files.pythonhosted.org/packages/d5/e8/0a9f5c1f7c6f9ca480319bf57c2d7423f08d31445974167a27d14483c948/sqlalchemy-2.0.49-cp313-cp313t-win32.whl", hash = "sha256:9c4969a86e41454f2858256c39bdfb966a20961e9b58bf8749b65abf447e9a8d", size = 2143319, upload-time = "2026-04-03T17:02:04.328Z" },
    { url = "https://files.pythonhosted.org/packages/0e/51/fb5240729fbec73006e137c4f7a7918ffd583ab08921e6ff81a999d6517a/sqlalchemy-2.0.49-cp313-cp313t-win_amd64.whl", hash = "sha256:b9870d15ef00e4d0559ae10ee5bc71b654d1f20076dbe8bc7ed19b4c0625ceba", size = 2175104, upload-time = "2026-04-03T17:02:05.989Z" },
    { url = "https://files.pythonhosted.org/packages/55/33/bf28f618c0a9597d14e0b9ee7d1e0622faff738d44fe986ee287cdf1b8d0/sqlalchemy-2.0.49-cp314-cp314-macosx_11_0_arm64.whl", hash = "sha256:233088b4b99ebcbc5258c755a097aa52fbf90727a03a5a80781c4b9c54347a2e", size = 2156356, upload-time = "2026-04-03T16:53:09.914Z" },
    { url = "https://files.pythonhosted.org/packages/d1/a7/5f476227576cb8644650eff68cc35fa837d3802b997465c96b8340ced1e2/sqlalchemy-2.0.49-cp314-cp314-manylinux2014_aarch64.manylinux_2_17_aarch64.manylinux_2_28_aarch64.whl", hash = "sha256:57ca426a48eb2c682dae8204cd89ea8ab7031e2675120a47924fabc7caacbc2a", size = 3276486, upload-time = "2026-04-03T17:07:46.9Z" },
    { url = "https://files.pythonhosted.org/packages/2e/84/efc7c0bf3a1c5eef81d397f6fddac855becdbb11cb38ff957888603014a7/sqlalchemy-2.0.49-cp314-cp314-manylinux2014_x86_64.manylinux_2_17_x86_64.manylinux_2_28_x86_64.whl", hash = "sha256:685e93e9c8f399b0c96a624799820176312f5ceef958c0f88215af4013d29066", size = 3281479, upload-time = "2026-04-03T17:12:32.226Z" },
    { url = "https://files.pythonhosted.org/packages/91/68/bb406fa4257099c67bd75f3f2261b129c63204b9155de0d450b37f004698/sqlalchemy-2.0.49-cp314-cp314-musllinux_1_2_aarch64.whl", hash = "sha256:9e0400fa22f79acc334d9a6b185dc00a44a8e6578aa7e12d0ddcd8434152b187", size = 3226269, upload-time = "2026-04-03T17:07:48.678Z" },
    { url = "https://files.pythonhosted.org/packages/67/84/acb56c00cca9f251f437cb49e718e14f7687505749ea9255d7bd8158a6df/sqlalchemy-2.0.49-cp314-cp314-musllinux_1_2_x86_64.whl", hash = "sha256:a05977bffe9bffd2229f477fa75eabe3192b1b05f408961d1bebff8d1cd4d401", size = 3248260, upload-time = "2026-04-03T17:12:34.381Z" },
    { url = "https://files.pythonhosted.org/packages/56/19/6a20ea25606d1efd7bd1862149bb2a22d1451c3f851d23d887969201633f/sqlalchemy-2.0.49-cp314-cp314-win32.whl", hash = "sha256:0f2fa354ba106eafff2c14b0cc51f22801d1e8b2e4149342023bd6f0955de5f5", size = 2118463, upload-time = "2026-04-03T17:05:47.093Z" },
    { url = "https://files.pythonhosted.org/packages/cf/4f/8297e4ed88e80baa1f5aa3c484a0ee29ef3c69c7582f206c916973b75057/sqlalchemy-2.0.49-cp314-cp314-win_amd64.whl", hash = "sha256:77641d299179c37b89cf2343ca9972c88bb6eef0d5fc504a2f86afd15cd5adf5", size = 2144204, upload-time = "2026-04-03T17:05:48.694Z" },
    { url = "https://files.pythonhosted.org/packages/1f/33/95e7216df810c706e0cd3655a778604bbd319ed4f43333127d465a46862d/sqlalchemy-2.0.49-cp314-cp314t-manylinux2014_aarch64.manylinux_2_17_aarch64.manylinux_2_28_aarch64.whl", hash = "sha256:c1dc3368794d522f43914e03312202523cc89692f5389c32bea0233924f8d977", size = 3565474, upload-time = "2026-04-03T16:58:35.128Z" },
    { url = "https://files.pythonhosted.org/packages/0c/a4/ed7b18d8ccf7f954a83af6bb73866f5bc6f5636f44c7731fbb741f72cc4f/sqlalchemy-2.0.49-cp314-cp314t-manylinux2014_x86_64.manylinux_2_17_x86_64.manylinux_2_28_x86_64.whl", hash = "sha256:7c821c47ecfe05cc32140dcf8dc6fd5d21971c86dbd56eabfe5ba07a64910c01", size = 3530567, upload-time = "2026-04-03T17:06:04.587Z" },
    { url = "https://files.pythonhosted.org/packages/73/a3/20faa869c7e21a827c4a2a42b41353a54b0f9f5e96df5087629c306df71e/sqlalchemy-2.0.49-cp314-cp314t-musllinux_1_2_aarch64.whl", hash = "sha256:9c04bff9a5335eb95c6ecf1c117576a0aa560def274876fd156cfe5510fccc61", size = 3474282, upload-time = "2026-04-03T16:58:37.131Z" },
    { url = "https://files.pythonhosted.org/packages/b7/50/276b9a007aa0764304ad467eceb70b04822dc32092492ee5f322d559a4dc/sqlalchemy-2.0.49-cp314-cp314t-musllinux_1_2_x86_64.whl", hash = "sha256:7f605a456948c35260e7b2a39f8952a26f077fd25653c37740ed186b90aaa68a", size = 3480406, upload-time = "2026-04-03T17:06:07.176Z" },
    { url = "https://files.pythonhosted.org/packages/e5/c3/c80fcdb41905a2df650c2a3e0337198b6848876e63d66fe9188ef9003d24/sqlalchemy-2.0.49-cp314-cp314t-win32.whl", hash = "sha256:6270d717b11c5476b0cbb21eedc8d4dbb7d1a956fd6c15a23e96f197a6193158", size = 2149151, upload-time = "2026-04-03T17:02:07.281Z" },
    { url = "https://files.pythonhosted.org/packages/05/52/9f1a62feab6ed368aff068524ff414f26a6daebc7361861035ae00b05530/sqlalchemy-2.0.49-cp314-cp314t-win_amd64.whl", hash = "sha256:275424295f4256fd301744b8f335cff367825d270f155d522b30c7bf49903ee7", size = 2184178, upload-time = "2026-04-03T17:02:08.623Z" },
    { url = "https://files.pythonhosted.org/packages/e5/30/8519fdde58a7bdf155b714359791ad1dc018b47d60269d5d160d311fdc36/sqlalchemy-2.0.49-py3-none-any.whl", hash = "sha256:ec44cfa7ef1a728e88ad41674de50f6db8cfdb3e2af84af86e0041aaf02d43d0", size = 1942158, upload-time = "2026-04-03T16:53:44.135Z" },
]

[[package]]
name = "sqlalchemy-aip160"
version = "0.1.5"
source = { editable = "." }
dependencies = [
    { name = "lark" },
    { name = "sqlalchemy" },
]

[package.dev-dependencies]
dev = [
    { name = "pytest" },
    { name = "ruff" },
    { name = "ty" },
]

[package.metadata]
requires-dist = [
    { name = "lark", specifier = ">=1.3.1" },
    { name = "sqlalchemy", specifier = ">=2.0.44" },
]

[package.metadata.requires-dev]
dev = [
    { name = "pytest", specifier = ">=9.0.1" },
    { name = "ruff", specifier = ">=0.14.6" },
    { name = "ty", specifier = ">=0.0.8" },
]

[[package]]
name = "ty"
version = "0.0.25"
source = { registry = "https://pypi.org/simple/" }
sdist = { url = "https://files.pythonhosted.org/packages/12/bf/3c3147c7237277b0e8a911ff89de7183408be96b31fb42b38edb666d287f/ty-0.0.25.tar.gz", hash = "sha256:8ae3891be17dfb6acab51a2df3a8f8f6c551eb60ea674c10946dc92aae8d4401", size = 5375500, upload-time = "2026-03-24T22:32:34.608Z" }
wheels = [
    { url = "https://files.pythonhosted.org/packages/97/a4/6c289cbd1474285223124a4ffb55c078dbe9ae1d925d0b6a948643c7f115/ty-0.0.25-py3-none-linux_armv6l.whl", hash = "sha256:26d6d5aede5d54fb055779460f896d9c1473c6fb996716bd11cb90f027d8fee7", size = 10452747, upload-time = "2026-03-24T22:32:32.662Z" },
    { url = "https://files.pythonhosted.org/packages/00/13/74cb9de356b9ceb3f281ab048f8c4ac2207122161b0ac0066886ce129abe/ty-0.0.25-py3-none-macosx_10_12_x86_64.whl", hash = "sha256:aedcfbc7b6b96dbc55b0da78fa02bd049373ff3d8a827f613dadd8bd17d10758", size = 10271349, upload-time = "2026-03-24T22:32:13.041Z" },
    { url = "https://files.pythonhosted.org/packages/0e/93/ffc5a20cc9e14fa9b32b0c54884864bede30d144ce2ae013805bce0c86d0/ty-0.0.25-py3-none-macosx_11_0_arm64.whl", hash = "sha256:0a8fb3c1e28f73618941811e2568dca195178a1a6314651d4ee97086a4497253", size = 9730308, upload-time = "2026-03-24T22:32:19.24Z" },
    { url = "https://files.pythonhosted.org/packages/6d/78/52e05ef32a5f172fce70633a4e19d8e04364271a4322ae12382c7344b0de/ty-0.0.25-py3-none-manylinux_2_17_aarch64.manylinux2014_aarch64.whl", hash = "sha256:814870b7f347b5d0276304cddb98a0958f08de183bf159abc920ebe321247ad4", size = 10247664, upload-time = "2026-03-24T22:32:08.669Z" },
    { url = "https://files.pythonhosted.org/packages/c2/64/0d0a47ed0aa1d634c666c2cc15d3b0af4b95d0fd3dbb796032bd493f3433/ty-0.0.25-py3-none-manylinux_2_17_armv7l.manylinux2014_armv7l.whl", hash = "sha256:781150e23825dc110cd5e1f50ca3d61664f7a5db5b4a55d5dbf7d3b1e246b917", size = 10261961, upload-time = "2026-03-24T22:32:43.935Z" },
    { url = "https://files.pythonhosted.org/packages/3e/ba/4666b96f0499465efb97c244554107c541d74a1add393e62276b3de9b54f/ty-0.0.25-py3-none-manylinux_2_17_i686.manylinux2014_i686.whl", hash = "sha256:ffc81ff2a0143911321251dc81d1c259fa5cdc56d043019a733c845d55409e2a", size = 10746076, upload-time = "2026-03-24T22:32:26.37Z" },
    { url = "https://files.pythonhosted.org/packages/e7/ed/aa958ccbcd85cc206600e48fbf0a1c27aef54b4b90112d9a73f69ed0c739/ty-0.0.25-py3-none-manylinux_2_17_ppc64le.manylinux2014_ppc64le.whl", hash = "sha256:f03c5c5b5c10355ea030cbe3cd93b2e759b9492c66688288ea03a68086069f2e", size = 11287331, upload-time = "2026-03-24T22:32:21.607Z" },
    { url = "https://files.pythonhosted.org/packages/26/e4/f4a004e1952e6042f5bfeeb7d09cffb379270ef009d9f8568471863e86e6/ty-0.0.25-py3-none-manylinux_2_17_s390x.manylinux2014_s390x.whl", hash = "sha256:7fc1ef49cd6262eb9223ccf6e258ac899aaa53e7dc2151ba65a2c9fa248dfa75", size = 11028804, upload-time = "2026-03-24T22:32:39.088Z" },
    { url = "https://files.pythonhosted.org/packages/56/32/5c15bb8ea20ed54d43c734f253a2a5da95d41474caecf4ef3682df9f68f5/ty-0.0.25-py3-none-manylinux_2_17_x86_64.manylinux2014_x86_64.whl", hash = "sha256:7ad98da1393161096235a387cc36abecd31861060c68416761eccdb7c1bc326b", size = 10845246, upload-time = "2026-03-24T22:32:41.33Z" },
    { url = "https://files.pythonhosted.org/packages/6f/fe/4ddd83e810c8682fcfada0d1c9d38936a34a024d32d7736075c1e53a038e/ty-0.0.25-py3-none-musllinux_1_2_aarch64.whl", hash = "sha256:2d4336aa5381eb4eab107c3dec75fe22943a648ef6646f5a8431ef1c8cdabb66", size = 10233515, upload-time = "2026-03-24T22:32:17.012Z" },
    { url = "https://files.pythonhosted.org/packages/ad/db/9fe54f6fb952e5b218f2e661e64ed656512edf2046cfbb9c159558e255db/ty-0.0.25-py3-none-musllinux_1_2_armv7l.whl", hash = "sha256:e10ed39564227de2b7bd89398250b65daaedbef15a25cef8eee70078f5d9e0b2", size = 10275289, upload-time = "2026-03-24T22:32:28.21Z" },
    { url = "https://files.pythonhosted.org/packages/b1/e0/090d7b33791b42bc7ec29463ac6a634738e16b289e027608ebe542682773/ty-0.0.25-py3-none-musllinux_1_2_i686.whl", hash = "sha256:aca04e9ed9b61c706064a1c0b71a247c3f92f373d0222103f3bc54b649421796", size = 10461195, upload-time = "2026-03-24T22:32:24.252Z" },
    { url = "https://files.pythonhosted.org/packages/42/31/5bf12bce01b80b72a7a4e627380779b41510e730f6000862a1d078e423f7/ty-0.0.25-py3-none-musllinux_1_2_x86_64.whl", hash = "sha256:18a5443e4ef339c1bd8c57fc13112c22080617ea582bfc22b497d82d65361325", size = 10931471, upload-time = "2026-03-24T22:32:14.985Z" },
    { url = "https://files.pythonhosted.org/packages/6a/5e/ab60c11f8a6dd2a0ae96daac83458ef2e9be1ae70481d1ad9c59d3eaf20f/ty-0.0.25-py3-none-win32.whl", hash = "sha256:a685b9a611b69195b5a557e05dbb7ebcd12815f6c32fb27fdf15edeb1fa33d8f", size = 9835974, upload-time = "2026-03-24T22:32:36.86Z" },
    { url = "https://files.pythonhosted.org/packages/41/55/625acc2ef34646268bc2baa8fdd6e22fb47cd5965e2acd3be92c687fb6b0/ty-0.0.25-py3-none-win_amd64.whl", hash = "sha256:0d4d37a1f1ab7f2669c941c38c65144ff223eb51ececd7ccfc0d623afbc0f729", size = 10815449, upload-time = "2026-03-24T22:32:11.031Z" },
    { url = "https://files.pythonhosted.org/packages/82/c7/0147bfb543df97740b45b222c54ff79ef20fa57f14b9d2c1dab3cd7d3faa/ty-0.0.25-py3-none-win_arm64.whl", hash = "sha256:d80b8cd965cbacbfd887ac2d985f5b6da09b7aa3569371e2894e0b30b26b89cd", size = 10225494, upload-time = "2026-03-24T22:32:30.611Z" },
]

[[package]]
name = "typing-extensions"
version = "4.15.0"
source = { registry = "https://pypi.org/simple/" }
sdist = { url = "https://files.pythonhosted.org/packages/72/94/1a15dd82efb362ac84269196e94cf00f187f7ed21c242792a923cdb1c61f/typing_extensions-4.15.0.tar.gz", hash = "sha256:0cea48d173cc12fa28ecabc3b837ea3cf6f38c6d1136f85cbaaf598984861466", size = 109391, upload-time = "2025-08-25T13:49:26.313Z" }
wheels = [
    { url = "https://files.pythonhosted.org/packages/18/67/36e9267722cc04a6b9f15c7f3441c2363321a3ea07da7ae0c0707beb2a9c/typing_extensions-4.15.0-py3-none-any.whl", hash = "sha256:f0fa19c6845758ab08074a0cfa8b7aecb71c999ca73d62883bc25cc018c4e548", size = 44614, upload-time = "2025-08-25T13:49:24.86Z" },
]
